
Microsoft Visual Studio Solution File, Format Version 12.00
# Visual Studio Version 16
VisualStudioVersion = 16.0.29613.14
MinimumVisualStudioVersion = 10.0.40219.1
Project("{F184B08F-C81C-45F6-A57F-5ABD9991F28F}") = "Age Testing", "Age Testing\Age Testing.vbproj", "{BB21096E-6100-4E94-A6DF-CD425BA0043E}"
EndProject
Global
	GlobalSection(SolutionConfigurationPlatforms) = preSolution
		Debug|Any CPU = Debug|Any CPU
		Release|Any CPU = Release|Any CPU
	EndGlobalSection
	GlobalSection(ProjectConfigurationPlatforms) = postSolution
		{BB21096E-6100-4E94-A6DF-CD425BA0043E}.Debug|Any CPU.ActiveCfg = Debug|Any CPU
		{BB21096E-6100-4E94-A6DF-CD425BA0043E}.Debug|Any CPU.Build.0 = Debug|Any CPU
		{BB21096E-6100-4E94-A6DF-CD425BA0043E}.Release|Any CPU.ActiveCfg = Release|Any CPU
		{BB21096E-6100-4E94-A6DF-CD425BA0043E}.Release|Any CPU.Build.0 = Release|Any CPU
	EndGlobalSection
	GlobalSection(SolutionProperties) = preSolution
		HideSolutionNode = FALSE
	EndGlobalSection
	GlobalSection(ExtensibilityGlobals) = postSolution
		SolutionGuid = {AD97BEDD-0643-4B04-9361-EF5EA3C98A04}
	EndGlobalSection
EndGlobal
